
Microsoft Visual Studio Solution File, Format Version 12.00
# Visual Studio Version 16
VisualStudioVersion = 16.0.31729.503
MinimumVisualStudioVersion = 10.0.40219.1
Project("{9A19103F-16F7-4668-BE54-9A1E7A4F7556}") = "SAML2SP", "SAML2SP\SAML2SP.csproj", "{A2CA696E-B86B-4E36-9ABF-4C557A1A84F3}"
EndProject
Project("{9A19103F-16F7-4668-BE54-9A1E7A4F7556}") = "SAMP2Idp", "SAMP2Idp\SAMP2Idp.csproj", "{57C6469C-DA2F-4444-952E-F385A9BB95E0}"
EndProject
Project("{9A19103F-16F7-4668-BE54-9A1E7A4F7556}") = "SAMLSP-Sustainsys", "SAMLSP-Sustainsys\SAMLSP-Sustainsys.csproj", "{D3576CA7-3E81-46F0-8571-3C22C8278D70}"
EndProject
Project("{9A19103F-16F7-4668-BE54-9A1E7A4F7556}") = "SSOTestApp", "SSOTestApp\SSOTestApp\SSOTestApp.csproj", "{2766A45E-92A9-45D1-B978-559E1F2EA0CA}"
EndProject
Project("{9A19103F-16F7-4668-BE54-9A1E7A4F7556}") = "SampleIdentityServer4", "SampleIdentityServer4\SampleIdentityServer4.csproj", "{4B084AF8-FAA8-44CE-A975-3C2BEEC0C216}"
EndProject
Global
	GlobalSection(SolutionConfigurationPlatforms) = preSolution
		Debug|Any CPU = Debug|Any CPU
		Release|Any CPU = Release|Any CPU
	EndGlobalSection
	GlobalSection(ProjectConfigurationPlatforms) = postSolution
		{A2CA696E-B86B-4E36-9ABF-4C557A1A84F3}.Debug|Any CPU.ActiveCfg = Debug|Any CPU
		{A2CA696E-B86B-4E36-9ABF-4C557A1A84F3}.Debug|Any CPU.Build.0 = Debug|Any CPU
		{A2CA696E-B86B-4E36-9ABF-4C557A1A84F3}.Release|Any CPU.ActiveCfg = Release|Any CPU
		{A2CA696E-B86B-4E36-9ABF-4C557A1A84F3}.Release|Any CPU.Build.0 = Release|Any CPU
		{57C6469C-DA2F-4444-952E-F385A9BB95E0}.Debug|Any CPU.ActiveCfg = Debug|Any CPU
		{57C6469C-DA2F-4444-952E-F385A9BB95E0}.Debug|Any CPU.Build.0 = Debug|Any CPU
		{57C6469C-DA2F-4444-952E-F385A9BB95E0}.Release|Any CPU.ActiveCfg = Release|Any CPU
		{57C6469C-DA2F-4444-952E-F385A9BB95E0}.Release|Any CPU.Build.0 = Release|Any CPU
		{D3576CA7-3E81-46F0-8571-3C22C8278D70}.Debug|Any CPU.ActiveCfg = Debug|Any CPU
		{D3576CA7-3E81-46F0-8571-3C22C8278D70}.Debug|Any CPU.Build.0 = Debug|Any CPU
		{D3576CA7-3E81-46F0-8571-3C22C8278D70}.Release|Any CPU.ActiveCfg = Release|Any CPU
		{D3576CA7-3E81-46F0-8571-3C22C8278D70}.Release|Any CPU.Build.0 = Release|Any CPU
		{2766A45E-92A9-45D1-B978-559E1F2EA0CA}.Debug|Any CPU.ActiveCfg = Debug|Any CPU
		{2766A45E-92A9-45D1-B978-559E1F2EA0CA}.Debug|Any CPU.Build.0 = Debug|Any CPU
		{2766A45E-92A9-45D1-B978-559E1F2EA0CA}.Release|Any CPU.ActiveCfg = Release|Any CPU
		{2766A45E-92A9-45D1-B978-559E1F2EA0CA}.Release|Any CPU.Build.0 = Release|Any CPU
		{4B084AF8-FAA8-44CE-A975-3C2BEEC0C216}.Debug|Any CPU.ActiveCfg = Debug|Any CPU
		{4B084AF8-FAA8-44CE-A975-3C2BEEC0C216}.Debug|Any CPU.Build.0 = Debug|Any CPU
		{4B084AF8-FAA8-44CE-A975-3C2BEEC0C216}.Release|Any CPU.ActiveCfg = Release|Any CPU
		{4B084AF8-FAA8-44CE-A975-3C2BEEC0C216}.Release|Any CPU.Build.0 = Release|Any CPU
	EndGlobalSection
	GlobalSection(SolutionProperties) = preSolution
		HideSolutionNode = FALSE
	EndGlobalSection
	GlobalSection(ExtensibilityGlobals) = postSolution
		SolutionGuid = {073E6F54-995F-43B3-853E-EE9B2692286A}
	EndGlobalSection
EndGlobal
