
Microsoft Visual Studio Solution File, Format Version 12.00
# Visual Studio Version 16
VisualStudioVersion = 16.0.29728.190
MinimumVisualStudioVersion = 10.0.40219.1
Project("{FAE04EC0-301F-11D3-BF4B-00C04F79EFBC}") = "SSOTestApp", "SSOTestApp\SSOTestApp.csproj", "{1874270E-23AE-446E-9D9F-648E23DEE9F0}"
EndProject
Global
	GlobalSection(SolutionConfigurationPlatforms) = preSolution
		Debug|Any CPU = Debug|Any CPU
		Release|Any CPU = Release|Any CPU
	EndGlobalSection
	GlobalSection(ProjectConfigurationPlatforms) = postSolution
		{1874270E-23AE-446E-9D9F-648E23DEE9F0}.Debug|Any CPU.ActiveCfg = Debug|Any CPU
		{1874270E-23AE-446E-9D9F-648E23DEE9F0}.Debug|Any CPU.Build.0 = Debug|Any CPU
		{1874270E-23AE-446E-9D9F-648E23DEE9F0}.Release|Any CPU.ActiveCfg = Release|Any CPU
		{1874270E-23AE-446E-9D9F-648E23DEE9F0}.Release|Any CPU.Build.0 = Release|Any CPU
	EndGlobalSection
	GlobalSection(SolutionProperties) = preSolution
		HideSolutionNode = FALSE
	EndGlobalSection
	GlobalSection(ExtensibilityGlobals) = postSolution
		SolutionGuid = {504385B6-637E-4182-AD65-24234E99395B}
	EndGlobalSection
EndGlobal
